// !$*UTF8*$!
{
	archiveVersion = 1;
	classes = {
	};
	objectVersion = 50;
	objects = {

/* Begin PBXBuildFile section */
		FCED5F33235E07280035C903 /* AppDelegate.swift in Sources */ = {isa = PBXBuildFile; fileRef = FCED5F32235E07280035C903 /* AppDelegate.swift */; };
		FCED5F35235E07280035C903 /* SceneDelegate.swift in Sources */ = {isa = PBXBuildFile; fileRef = FCED5F34235E07280035C903 /* SceneDelegate.swift */; };
		FCED5F37235E07280035C903 /* ViewController.swift in Sources */ = {isa = PBXBuildFile; fileRef = FCED5F36235E07280035C903 /* ViewController.swift */; };
		FCED5F3A235E07280035C903 /* Main.storyboard in Resources */ = {isa = PBXBuildFile; fileRef = FCED5F38235E07280035C903 /* Main.storyboard */; };
		FCED5F3D235E07280035C903 /* MyContacts.xcdatamodeld in Sources */ = {isa = PBXBuildFile; fileRef = FCED5F3B235E07280035C903 /* MyContacts.xcdatamodeld */; };
		FCED5F3F235E07290035C903 /* Assets.xcassets in Resources */ = {isa = PBXBuildFile; fileRef = FCED5F3E235E07290035C903 /* Assets.xcassets */; };
		FCED5F42235E07290035C903 /* LaunchScreen.storyboard in Resources */ = {isa = PBXBuildFile; fileRef = FCED5F40235E07290035C903 /* LaunchScreen.storyboard */; };
		FCED5F4B235E45080035C903 /* call.png in Resources */ = {isa = PBXBuildFile; fileRef = FCED5F4A235E45080035C903 /* call.png */; };
		FCED5F4D235E4BE70035C903 /* ContactTableViewController.swift in Sources */ = {isa = PBXBuildFile; fileRef = FCED5F4C235E4BE70035C903 /* ContactTableViewController.swift */; };
/* End PBXBuildFile section */

/* Begin PBXFileReference section */
		FCED5F2F235E07280035C903 /* MyContacts.app */ = {isa = PBXFileReference; explicitFileType = wrapper.application; includeInIndex = 0; path = MyContacts.app; sourceTree = BUILT_PRODUCTS_DIR; };
		FCED5F32235E07280035C903 /* AppDelegate.swift */ = {isa = PBXFileReference; lastKnownFileType = sourcecode.swift; path = AppDelegate.swift; sourceTree = "<group>"; };
		FCED5F34235E07280035C903 /* SceneDelegate.swift */ = {isa = PBXFileReference; lastKnownFileType = sourcecode.swift; path = SceneDelegate.swift; sourceTree = "<group>"; };
		FCED5F36235E07280035C903 /* ViewController.swift */ = {isa = PBXFileReference; lastKnownFileType = sourcecode.swift; path = ViewController.swift; sourceTree = "<group>"; };
		FCED5F39235E07280035C903 /* Base */ = {isa = PBXFileReference; lastKnownFileType = file.storyboard; name = Base; path = Base.lproj/Main.storyboard; sourceTree = "<group>"; };
		FCED5F3C235E07280035C903 /* MyContacts.xcdatamodel */ = {isa = PBXFileReference; lastKnownFileType = wrapper.xcdatamodel; path = MyContacts.xcdatamodel; sourceTree = "<group>"; };
		FCED5F3E235E07290035C903 /* Assets.xcassets */ = {isa = PBXFileReference; lastKnownFileType = folder.assetcatalog; path = Assets.xcassets; sourceTree = "<group>"; };
		FCED5F41235E07290035C903 /* Base */ = {isa = PBXFileReference; lastKnownFileType = file.storyboard; name = Base; path = Base.lproj/LaunchScreen.storyboard; sourceTree = "<group>"; };
		FCED5F43235E07290035C903 /* Info.plist */ = {isa = PBXFileReference; lastKnownFileType = text.plist.xml; path = Info.plist; sourceTree = "<group>"; };
		FCED5F4A235E45080035C903 /* call.png */ = {isa = PBXFileReference; lastKnownFileType = image.png; name = call.png; path = ../../call.png; sourceTree = "<group>"; };
		FCED5F4C235E4BE70035C903 /* ContactTableViewController.swift */ = {isa = PBXFileReference; lastKnownFileType = sourcecode.swift; path = ContactTableViewController.swift; sourceTree = "<group>"; };
/* End PBXFileReference section */

/* Begin PBXFrameworksBuildPhase section */
		FCED5F2C235E07280035C903 /* Frameworks */ = {
			isa = PBXFrameworksBuildPhase;
			buildActionMask = 2147483647;
			files = (
			);
			runOnlyForDeploymentPostprocessing = 0;
		};
/* End PBXFrameworksBuildPhase section */

/* Begin PBXGroup section */
		FCED5F26235E07280035C903 = {
			isa = PBXGroup;
			children = (
				FCED5F4C235E4BE70035C903 /* ContactTableViewController.swift */,
				FCED5F49235E44D70035C903 /* Images */,
				FCED5F31235E07280035C903 /* MyContacts */,
				FCED5F30235E07280035C903 /* Products */,
			);
			sourceTree = "<group>";
		};
		FCED5F30235E07280035C903 /* Products */ = {
			isa = PBXGroup;
			children = (
				FCED5F2F235E07280035C903 /* MyContacts.app */,
			);
			name = Products;
			sourceTree = "<group>";
		};
		FCED5F31235E07280035C903 /* MyContacts */ = {
			isa = PBXGroup;
			children = (
				FCED5F32235E07280035C903 /* AppDelegate.swift */,
				FCED5F34235E07280035C903 /* SceneDelegate.swift */,
				FCED5F36235E07280035C903 /* ViewController.swift */,
				FCED5F38235E07280035C903 /* Main.storyboard */,
				FCED5F3E235E07290035C903 /* Assets.xcassets */,
				FCED5F40235E07290035C903 /* LaunchScreen.storyboard */,
				FCED5F43235E07290035C903 /* Info.plist */,
				FCED5F3B235E07280035C903 /* MyContacts.xcdatamodeld */,
			);
			path = MyContacts;
			sourceTree = "<group>";
		};
		FCED5F49235E44D70035C903 /* Images */ = {
			isa = PBXGroup;
			children = (
				FCED5F4A235E45080035C903 /* call.png */,
			);
			path = Images;
			sourceTree = "<group>";
		};
/* End PBXGroup section */

/* Begin PBXNativeTarget section */
		FCED5F2E235E07280035C903 /* MyContacts */ = {
			isa = PBXNativeTarget;
			buildConfigurationList = FCED5F46235E07290035C903 /* Build configuration list for PBXNativeTarget "MyContacts" */;
			buildPhases = (
				FCED5F2B235E07280035C903 /* Sources */,
				FCED5F2C235E07280035C903 /* Frameworks */,
				FCED5F2D235E07280035C903 /* Resources */,
			);
			buildRules = (
			);
			dependencies = (
			);
			name = MyContacts;
			productName = MyContacts;
			productReference = FCED5F2F235E07280035C903 /* MyContacts.app */;
			productType = "com.apple.product-type.application";
		};
/* End PBXNativeTarget section */

/* Begin PBXProject section */
		FCED5F27235E07280035C903 /* Project object */ = {
			isa = PBXProject;
			attributes = {
				LastSwiftUpdateCheck = 1110;
				LastUpgradeCheck = 1110;
				ORGANIZATIONNAME = "Samantha Thomas";
				TargetAttributes = {
					FCED5F2E235E07280035C903 = {
						CreatedOnToolsVersion = 11.1;
					};
				};
			};
			buildConfigurationList = FCED5F2A235E07280035C903 /* Build configuration list for PBXProject "MyContacts" */;
			compatibilityVersion = "Xcode 9.3";
			developmentRegion = en;
			hasScannedForEncodings = 0;
			knownRegions = (
				en,
				Base,
			);
			mainGroup = FCED5F26235E07280035C903;
			productRefGroup = FCED5F30235E07280035C903 /* Products */;
			projectDirPath = "";
			projectRoot = "";
			targets = (
				FCED5F2E235E07280035C903 /* MyContacts */,
			);
		};
/* End PBXProject section */

/* Begin PBXResourcesBuildPhase section */
		FCED5F2D235E07280035C903 /* Resources */ = {
			isa = PBXResourcesBuildPhase;
			buildActionMask = 2147483647;
			files = (
				FCED5F42235E07290035C903 /* LaunchScreen.storyboard in Resources */,
				FCED5F3F235E07290035C903 /* Assets.xcassets in Resources */,
				FCED5F3A235E07280035C903 /* Main.storyboard in Resources */,
				FCED5F4B235E45080035C903 /* call.png in Resources */,
			);
			runOnlyForDeploymentPostprocessing = 0;
		};
/* End PBXResourcesBuildPhase section */

/* Begin PBXSourcesBuildPhase section */
		FCED5F2B235E07280035C903 /* Sources */ = {
			isa = PBXSourcesBuildPhase;
			buildActionMask = 2147483647;
			files = (
				FCED5F3D235E07280035C903 /* MyContacts.xcdatamodeld in Sources */,
				FCED5F37235E07280035C903 /* ViewController.swift in Sources */,
				FCED5F4D235E4BE70035C903 /* ContactTableViewController.swift in Sources */,
				FCED5F33235E07280035C903 /* AppDelegate.swift in Sources */,
				FCED5F35235E07280035C903 /* SceneDelegate.swift in Sources */,
			);
			runOnlyForDeploymentPostprocessing = 0;
		};
/* End PBXSourcesBuildPhase section */

/* Begin PBXVariantGroup section */
		FCED5F38235E07280035C903 /* Main.storyboard */ = {
			isa = PBXVariantGroup;
			children = (
				FCED5F39235E07280035C903 /* Base */,
			);
			name = Main.storyboard;
			sourceTree = "<group>";
		};
		FCED5F40235E07290035C903 /* LaunchScreen.storyboard */ = {
			isa = PBXVariantGroup;
			children = (
				FCED5F41235E07290035C903 /* Base */,
			);
			name = LaunchScreen.storyboard;
			sourceTree = "<group>";
		};
/* End PBXVariantGroup section */

/* Begin XCBuildConfiguration section */
		FCED5F44235E07290035C903 /* Debug */ = {
			isa = XCBuildConfiguration;
			buildSettings = {
				ALWAYS_SEARCH_USER_PATHS = NO;
				CLANG_ANALYZER_NONNULL = YES;
				CLANG_ANALYZER_NUMBER_OBJECT_CONVERSION = YES_AGGRESSIVE;
				CLANG_CXX_LANGUAGE_STANDARD = "gnu++14";
				CLANG_CXX_LIBRARY = "libc++";
				CLANG_ENABLE_MODULES = YES;
				CLANG_ENABLE_OBJC_ARC = YES;
				CLANG_ENABLE_OBJC_WEAK = YES;
				CLANG_WARN_BLOCK_CAPTURE_AUTORELEASING = YES;
				CLANG_WARN_BOOL_CONVERSION = YES;
				CLANG_WARN_COMMA = YES;
				CLANG_WARN_CONSTANT_CONVERSION = YES;
				CLANG_WARN_DEPRECATED_OBJC_IMPLEMENTATIONS = YES;
				CLANG_WARN_DIRECT_OBJC_ISA_USAGE = YES_ERROR;
				CLANG_WARN_DOCUMENTATION_COMMENTS = YES;
				CLANG_WARN_EMPTY_BODY = YES;
				CLANG_WARN_ENUM_CONVERSION = YES;
				CLANG_WARN_INFINITE_RECURSION = YES;
				CLANG_WARN_INT_CONVERSION = YES;
				CLANG_WARN_NON_LITERAL_NULL_CONVERSION = YES;
				CLANG_WARN_OBJC_IMPLICIT_RETAIN_SELF = YES;
				CLANG_WARN_OBJC_LITERAL_CONVERSION = YES;
				CLANG_WARN_OBJC_ROOT_CLASS = YES_ERROR;
				CLANG_WARN_RANGE_LOOP_ANALYSIS = YES;
				CLANG_WARN_STRICT_PROTOTYPES = YES;
				CLANG_WARN_SUSPICIOUS_MOVE = YES;
				CLANG_WARN_UNGUARDED_AVAILABILITY = YES_AGGRESSIVE;
				CLANG_WARN_UNREACHABLE_CODE = YES;
				CLANG_WARN__DUPLICATE_METHOD_MATCH = YES;
				COPY_PHASE_STRIP = NO;
				DEBUG_INFORMATION_FORMAT = dwarf;
				ENABLE_STRICT_OBJC_MSGSEND = YES;
				ENABLE_TESTABILITY = YES;
				GCC_C_LANGUAGE_STANDARD = gnu11;
				GCC_DYNAMIC_NO_PIC = NO;
				GCC_NO_COMMON_BLOCKS = YES;
				GCC_OPTIMIZATION_LEVEL = 0;
				GCC_PREPROCESSOR_DEFINITIONS = (
					"DEBUG=1",
					"$(inherited)",
				);
				GCC_WARN_64_TO_32_BIT_CONVERSION = YES;
				GCC_WARN_ABOUT_RETURN_TYPE = YES_ERROR;
				GCC_WARN_UNDECLARED_SELECTOR = YES;
				GCC_WARN_UNINITIALIZED_AUTOS = YES_AGGRESSIVE;
				GCC_WARN_UNUSED_FUNCTION = YES;
				GCC_WARN_UNUSED_VARIABLE = YES;
				IPHONEOS_DEPLOYMENT_TARGET = 13.1;
				MTL_ENABLE_DEBUG_INFO = INCLUDE_SOURCE;
				MTL_FAST_MATH = YES;
				ONLY_ACTIVE_ARCH = YES;
				SDKROOT = iphoneos;
				SWIFT_ACTIVE_COMPILATION_CONDITIONS = DEBUG;
				SWIFT_OPTIMIZATION_LEVEL = "-Onone";
			};
			name = Debug;
		};
		FCED5F45235E07290035C903 /* Release */ = {
			isa = XCBuildConfiguration;
			buildSettings = {
				ALWAYS_SEARCH_USER_PATHS = NO;
				CLANG_ANALYZER_NONNULL = YES;
				CLANG_ANALYZER_NUMBER_OBJECT_CONVERSION = YES_AGGRESSIVE;
				CLANG_CXX_LANGUAGE_STANDARD = "gnu++14";
				CLANG_CXX_LIBRARY = "libc++";
				CLANG_ENABLE_MODULES = YES;
				CLANG_ENABLE_OBJC_ARC = YES;
				CLANG_ENABLE_OBJC_WEAK = YES;
				CLANG_WARN_BLOCK_CAPTURE_AUTORELEASING = YES;
				CLANG_WARN_BOOL_CONVERSION = YES;
				CLANG_WARN_COMMA = YES;
				CLANG_WARN_CONSTANT_CONVERSION = YES;
				CLANG_WARN_DEPRECATED_OBJC_IMPLEMENTATIONS = YES;
				CLANG_WARN_DIRECT_OBJC_ISA_USAGE = YES_ERROR;
				CLANG_WARN_DOCUMENTATION_COMMENTS = YES;
				CLANG_WARN_EMPTY_BODY = YES;
				CLANG_WARN_ENUM_CONVERSION = YES;
				CLANG_WARN_INFINITE_RECURSION = YES;
				CLANG_WARN_INT_CONVERSION = YES;
				CLANG_WARN_NON_LITERAL_NULL_CONVERSION = YES;
				CLANG_WARN_OBJC_IMPLICIT_RETAIN_SELF = YES;
				CLANG_WARN_OBJC_LITERAL_CONVERSION = YES;
				CLANG_WARN_OBJC_ROOT_CLASS = YES_ERROR;
				CLANG_WARN_RANGE_LOOP_ANALYSIS = YES;
				CLANG_WARN_STRICT_PROTOTYPES = YES;
				CLANG_WARN_SUSPICIOUS_MOVE = YES;
				CLANG_WARN_UNGUARDED_AVAILABILITY = YES_AGGRESSIVE;
				CLANG_WARN_UNREACHABLE_CODE = YES;
				CLANG_WARN__DUPLICATE_METHOD_MATCH = YES;
				COPY_PHASE_STRIP = NO;
				DEBUG_INFORMATION_FORMAT = "dwarf-with-dsym";
				ENABLE_NS_ASSERTIONS = NO;
				ENABLE_STRICT_OBJC_MSGSEND = YES;
				GCC_C_LANGUAGE_STANDARD = gnu11;
				GCC_NO_COMMON_BLOCKS = YES;
				GCC_WARN_64_TO_32_BIT_CONVERSION = YES;
				GCC_WARN_ABOUT_RETURN_TYPE = YES_ERROR;
				GCC_WARN_UNDECLARED_SELECTOR = YES;
				GCC_WARN_UNINITIALIZED_AUTOS = YES_AGGRESSIVE;
				GCC_WARN_UNUSED_FUNCTION = YES;
				GCC_WARN_UNUSED_VARIABLE = YES;
				IPHONEOS_DEPLOYMENT_TARGET = 13.1;
				MTL_ENABLE_DEBUG_INFO = NO;
				MTL_FAST_MATH = YES;
				SDKROOT = iphoneos;
				SWIFT_COMPILATION_MODE = wholemodule;
				SWIFT_OPTIMIZATION_LEVEL = "-O";
				VALIDATE_PRODUCT = YES;
			};
			name = Release;
		};
		FCED5F47235E07290035C903 /* Debug */ = {
			isa = XCBuildConfiguration;
			buildSettings = {
				ASSETCATALOG_COMPILER_APPICON_NAME = AppIcon;
				CODE_SIGN_STYLE = Automatic;
				DEVELOPMENT_TEAM = U334ZH2XXQ;
				INFOPLIST_FILE = MyContacts/Info.plist;
				LD_RUNPATH_SEARCH_PATHS = (
					"$(inherited)",
					"@executable_path/Frameworks",
				);
				PRODUCT_BUNDLE_IDENTIFIER = rockvalleycollege.edu.MyContacts;
				PRODUCT_NAME = "$(TARGET_NAME)";
				SWIFT_VERSION = 5.0;
				TARGETED_DEVICE_FAMILY = "1,2";
			};
			name = Debug;
		};
		FCED5F48235E07290035C903 /* Release */ = {
			isa = XCBuildConfiguration;
			buildSettings = {
				ASSETCATALOG_COMPILER_APPICON_NAME = AppIcon;
				CODE_SIGN_STYLE = Automatic;
				DEVELOPMENT_TEAM = U334ZH2XXQ;
				INFOPLIST_FILE = MyContacts/Info.plist;
				LD_RUNPATH_SEARCH_PATHS = (
					"$(inherited)",
					"@executable_path/Frameworks",
				);
				PRODUCT_BUNDLE_IDENTIFIER = rockvalleycollege.edu.MyContacts;
				PRODUCT_NAME = "$(TARGET_NAME)";
				SWIFT_VERSION = 5.0;
				TARGETED_DEVICE_FAMILY = "1,2";
			};
			name = Release;
		};
/* End XCBuildConfiguration section */

/* Begin XCConfigurationList section */
		FCED5F2A235E07280035C903 /* Build configuration list for PBXProject "MyContacts" */ = {
			isa = XCConfigurationList;
			buildConfigurations = (
				FCED5F44235E07290035C903 /* Debug */,
				FCED5F45235E07290035C903 /* Release */,
			);
			defaultConfigurationIsVisible = 0;
			defaultConfigurationName = Release;
		};
		FCED5F46235E07290035C903 /* Build configuration list for PBXNativeTarget "MyContacts" */ = {
			isa = XCConfigurationList;
			buildConfigurations = (
				FCED5F47235E07290035C903 /* Debug */,
				FCED5F48235E07290035C903 /* Release */,
			);
			defaultConfigurationIsVisible = 0;
			defaultConfigurationName = Release;
		};
/* End XCConfigurationList section */

/* Begin XCVersionGroup section */
		FCED5F3B235E07280035C903 /* MyContacts.xcdatamodeld */ = {
			isa = XCVersionGroup;
			children = (
				FCED5F3C235E07280035C903 /* MyContacts.xcdatamodel */,
			);
			currentVersion = FCED5F3C235E07280035C903 /* MyContacts.xcdatamodel */;
			path = MyContacts.xcdatamodeld;
			sourceTree = "<group>";
			versionGroupType = wrapper.xcdatamodel;
		};
/* End XCVersionGroup section */
	};
	rootObject = FCED5F27235E07280035C903 /* Project object */;
}
